
Microsoft Visual Studio Solution File, Format Version 12.00
# Visual Studio Version 17
VisualStudioVersion = 17.14.36623.8 d17.14
MinimumVisualStudioVersion = 10.0.40219.1
Project("{FAE04EC0-301F-11D3-BF4B-00C04F79EFBC}") = "QuanLyKhachSan", "QuanLyKhachSan.csproj", "{A9DA81B3-4A3A-4541-ACCA-50CF7FB5950C}"
EndProject
Global
	GlobalSection(SolutionConfigurationPlatforms) = preSolution
		Debug|Any CPU = Debug|Any CPU
		Release|Any CPU = Release|Any CPU
	EndGlobalSection
	GlobalSection(ProjectConfigurationPlatforms) = postSolution
		{A9DA81B3-4A3A-4541-ACCA-50CF7FB5950C}.Debug|Any CPU.ActiveCfg = Debug|Any CPU
		{A9DA81B3-4A3A-4541-ACCA-50CF7FB5950C}.Debug|Any CPU.Build.0 = Debug|Any CPU
		{A9DA81B3-4A3A-4541-ACCA-50CF7FB5950C}.Release|Any CPU.ActiveCfg = Release|Any CPU
		{A9DA81B3-4A3A-4541-ACCA-50CF7FB5950C}.Release|Any CPU.Build.0 = Release|Any CPU
	EndGlobalSection
	GlobalSection(SolutionProperties) = preSolution
		HideSolutionNode = FALSE
	EndGlobalSection
	GlobalSection(ExtensibilityGlobals) = postSolution
		SolutionGuid = {0AF0A318-0316-41FA-808E-36FFF5E35C05}
	EndGlobalSection
EndGlobal
